
Microsoft Visual Studio Solution File, Format Version 12.00
# Visual Studio 14
VisualStudioVersion = 14.0.24720.0
MinimumVisualStudioVersion = 10.0.40219.1
Project("{FAE04EC0-301F-11D3-BF4B-00C04F79EFBC}") = "Braintree.Api.Droid", "Braintree.Api.Droid\Braintree.Api.Droid.csproj", "{CEA4D534-ECC4-4DB2-A3BE-2897E91B8C20}"
EndProject
Project("{FAE04EC0-301F-11D3-BF4B-00C04F79EFBC}") = "Braintree.DropIn.Droid", "Braintree.DropIn.Droid\Braintree.DropIn.Droid.csproj", "{496C62D6-D8A2-4A36-82D0-0CF7130C5012}"
EndProject
Global
	GlobalSection(SolutionConfigurationPlatforms) = preSolution
		Debug|Any CPU = Debug|Any CPU
		Release|Any CPU = Release|Any CPU
	EndGlobalSection
	GlobalSection(ProjectConfigurationPlatforms) = postSolution
		{CEA4D534-ECC4-4DB2-A3BE-2897E91B8C20}.Debug|Any CPU.ActiveCfg = Debug|Any CPU
		{CEA4D534-ECC4-4DB2-A3BE-2897E91B8C20}.Debug|Any CPU.Build.0 = Debug|Any CPU
		{CEA4D534-ECC4-4DB2-A3BE-2897E91B8C20}.Release|Any CPU.ActiveCfg = Release|Any CPU
		{CEA4D534-ECC4-4DB2-A3BE-2897E91B8C20}.Release|Any CPU.Build.0 = Release|Any CPU
		{496C62D6-D8A2-4A36-82D0-0CF7130C5012}.Debug|Any CPU.ActiveCfg = Debug|Any CPU
		{496C62D6-D8A2-4A36-82D0-0CF7130C5012}.Debug|Any CPU.Build.0 = Debug|Any CPU
		{496C62D6-D8A2-4A36-82D0-0CF7130C5012}.Release|Any CPU.ActiveCfg = Release|Any CPU
		{496C62D6-D8A2-4A36-82D0-0CF7130C5012}.Release|Any CPU.Build.0 = Release|Any CPU
	EndGlobalSection
	GlobalSection(SolutionProperties) = preSolution
		HideSolutionNode = FALSE
	EndGlobalSection
EndGlobal
