
Microsoft Visual Studio Solution File, Format Version 12.00
# Visual Studio 2012
Project("{FAE04EC0-301F-11D3-BF4B-00C04F79EFBC}") = "SquareRegisterSDK.Droid", "SquareRegisterSDK.Droid\SquareRegisterSDK.Droid.csproj", "{94BD68A6-6C3F-4B05-AF0F-878F6C4B14A1}"
EndProject
Project("{FAE04EC0-301F-11D3-BF4B-00C04F79EFBC}") = "SquareRegisterSDK.TestApp", "SquareRegisterSDK.TestApp\SquareRegisterSDK.TestApp.csproj", "{1DF4721C-F9DA-4647-A96E-577CB131C4B2}"
EndProject
Global
	GlobalSection(SolutionConfigurationPlatforms) = preSolution
		Debug|Any CPU = Debug|Any CPU
		Release|Any CPU = Release|Any CPU
	EndGlobalSection
	GlobalSection(ProjectConfigurationPlatforms) = postSolution
		{94BD68A6-6C3F-4B05-AF0F-878F6C4B14A1}.Debug|Any CPU.ActiveCfg = Debug|Any CPU
		{94BD68A6-6C3F-4B05-AF0F-878F6C4B14A1}.Debug|Any CPU.Build.0 = Debug|Any CPU
		{94BD68A6-6C3F-4B05-AF0F-878F6C4B14A1}.Release|Any CPU.ActiveCfg = Release|Any CPU
		{94BD68A6-6C3F-4B05-AF0F-878F6C4B14A1}.Release|Any CPU.Build.0 = Release|Any CPU
		{1DF4721C-F9DA-4647-A96E-577CB131C4B2}.Debug|Any CPU.ActiveCfg = Debug|Any CPU
		{1DF4721C-F9DA-4647-A96E-577CB131C4B2}.Debug|Any CPU.Build.0 = Debug|Any CPU
		{1DF4721C-F9DA-4647-A96E-577CB131C4B2}.Release|Any CPU.ActiveCfg = Release|Any CPU
		{1DF4721C-F9DA-4647-A96E-577CB131C4B2}.Release|Any CPU.Build.0 = Release|Any CPU
	EndGlobalSection
EndGlobal
